// !$*UTF8*$!
{
	archiveVersion = 1;
	classes = {
	};
	objectVersion = 56;
	objects = {

/* Begin PBXBuildFile section */
		C81EFB2BDDF54499A5CBC968 /* HoldingsModels.swift in Sources */ = {isa = PBXBuildFile; fileRef = 803DA63782104237A8B2D595 /* HoldingsModels.swift */; };
		13ECD25FEB1E4023B5F8F824 /* LocalJSONCacheStore.swift in Sources */ = {isa = PBXBuildFile; fileRef = 82D7F1906FD0437194AF8CE8 /* LocalJSONCacheStore.swift */; };
		6E1BB65579014147879B1BF8 /* MarketFetchQueue.swift in Sources */ = {isa = PBXBuildFile; fileRef = 776A4E0F4F6A47CAB8D101F4 /* MarketFetchQueue.swift */; };
		E06BECB8A5984FF7B611C899 /* MarketNormalization.swift in Sources */ = {isa = PBXBuildFile; fileRef = 2DECBBAF156543BD927F9060 /* MarketNormalization.swift */; };
		7AB9AD426B964F9389FFA3F9 /* MarketRefreshCoordinator.swift in Sources */ = {isa = PBXBuildFile; fileRef = 3C09E46E697A48B28707A6F9 /* MarketRefreshCoordinator.swift */; };
		46C0966802CB48FB900C95E5 /* MoneyHeroApp.swift in Sources */ = {isa = PBXBuildFile; fileRef = 12BB73C0B17C435C97B4BC29 /* MoneyHeroApp.swift */; };
		660C09A466664E83A5905B1B /* RootView.swift in Sources */ = {isa = PBXBuildFile; fileRef = E600E3C9AC0D49C3BF51EC8D /* RootView.swift */; };
		7D5596A5C14D4123A8E84223 /* YahooChartParser.swift in Sources */ = {isa = PBXBuildFile; fileRef = F39240BDB02B4FCCB4C8BBAA /* YahooChartParser.swift */; };
		944C0BF4B90E42ABB273B267 /* YahooFinanceClient.swift in Sources */ = {isa = PBXBuildFile; fileRef = DAE80390E23B49C799F7C5DC /* YahooFinanceClient.swift */; };
		B00000000000000000000001 /* AppTab.swift in Sources */ = {isa = PBXBuildFile; fileRef = A00000000000000000000001 /* AppTab.swift */; };
		B00000000000000000000003 /* DashboardDisplayFormatting.swift in Sources */ = {isa = PBXBuildFile; fileRef = A00000000000000000000003 /* DashboardDisplayFormatting.swift */; };
		B00000000000000000000004 /* DashboardState.swift in Sources */ = {isa = PBXBuildFile; fileRef = A00000000000000000000004 /* DashboardState.swift */; };
		B00000000000000000000005 /* DashboardStyle.swift in Sources */ = {isa = PBXBuildFile; fileRef = A00000000000000000000005 /* DashboardStyle.swift */; };
		B00000000000000000000006 /* DashboardView.swift in Sources */ = {isa = PBXBuildFile; fileRef = A00000000000000000000006 /* DashboardView.swift */; };
		B00000000000000000000008 /* MarketDataProtocols.swift in Sources */ = {isa = PBXBuildFile; fileRef = A00000000000000000000008 /* MarketDataProtocols.swift */; };
		B00000000000000000000009 /* PlaceholderViews.swift in Sources */ = {isa = PBXBuildFile; fileRef = A00000000000000000000009 /* PlaceholderViews.swift */; };
		C00000000000000000000001 /* CurrencyDashboardCard.swift in Sources */ = {isa = PBXBuildFile; fileRef = D00000000000000000000001 /* CurrencyDashboardCard.swift */; };
		C00000000000000000000002 /* DashboardArcBackground.swift in Sources */ = {isa = PBXBuildFile; fileRef = D00000000000000000000002 /* DashboardArcBackground.swift */; };
		C00000000000000000000003 /* DashboardCurrenciesSection.swift in Sources */ = {isa = PBXBuildFile; fileRef = D00000000000000000000003 /* DashboardCurrenciesSection.swift */; };
		C00000000000000000000004 /* DashboardExpectedBalanceSection.swift in Sources */ = {isa = PBXBuildFile; fileRef = D00000000000000000000004 /* DashboardExpectedBalanceSection.swift */; };
		C00000000000000000000005 /* DashboardHeaderView.swift in Sources */ = {isa = PBXBuildFile; fileRef = D00000000000000000000005 /* DashboardHeaderView.swift */; };
		C00000000000000000000006 /* DashboardMarketsSection.swift in Sources */ = {isa = PBXBuildFile; fileRef = D00000000000000000000006 /* DashboardMarketsSection.swift */; };
		C00000000000000000000007 /* DashboardRefreshStatusView.swift in Sources */ = {isa = PBXBuildFile; fileRef = D00000000000000000000007 /* DashboardRefreshStatusView.swift */; };
		C00000000000000000000008 /* DashboardTotalBalanceSection.swift in Sources */ = {isa = PBXBuildFile; fileRef = D00000000000000000000008 /* DashboardTotalBalanceSection.swift */; };
		C00000000000000000000009 /* MarketDashboardCard.swift in Sources */ = {isa = PBXBuildFile; fileRef = D00000000000000000000009 /* MarketDashboardCard.swift */; };
		C00000000000000000000010 /* MarketIcon.swift in Sources */ = {isa = PBXBuildFile; fileRef = D00000000000000000000010 /* MarketIcon.swift */; };
		C00000000000000000000011 /* MoneyHeroLogoMark.swift in Sources */ = {isa = PBXBuildFile; fileRef = D00000000000000000000011 /* MoneyHeroLogoMark.swift */; };
		C00000000000000000000012 /* NumberedSectionHeader.swift in Sources */ = {isa = PBXBuildFile; fileRef = D00000000000000000000012 /* NumberedSectionHeader.swift */; };
		C00000000000000000000013 /* PeriodChangeLabel.swift in Sources */ = {isa = PBXBuildFile; fileRef = D00000000000000000000013 /* PeriodChangeLabel.swift */; };
		C00000000000000000000014 /* ProjectionCard.swift in Sources */ = {isa = PBXBuildFile; fileRef = D00000000000000000000014 /* ProjectionCard.swift */; };
		C00000000000000000000015 /* SparklineView.swift in Sources */ = {isa = PBXBuildFile; fileRef = D00000000000000000000015 /* SparklineView.swift */; };
		C00000000000000000000016 /* MarketRefreshCacheEnvelopeFactory.swift in Sources */ = {isa = PBXBuildFile; fileRef = D00000000000000000000016 /* MarketRefreshCacheEnvelopeFactory.swift */; };
		C00000000000000000000017 /* MarketRefreshRequestPlanner.swift in Sources */ = {isa = PBXBuildFile; fileRef = D00000000000000000000017 /* MarketRefreshRequestPlanner.swift */; };
		C00000000000000000000018 /* MarketRefreshSnapshot.swift in Sources */ = {isa = PBXBuildFile; fileRef = D00000000000000000000018 /* MarketRefreshSnapshot.swift */; };
		C00000000000000000000019 /* YahooChartParserSupport.swift in Sources */ = {isa = PBXBuildFile; fileRef = D00000000000000000000019 /* YahooChartParserSupport.swift */; };
		C00000000000000000000020 /* YahooChartPayload.swift in Sources */ = {isa = PBXBuildFile; fileRef = D00000000000000000000020 /* YahooChartPayload.swift */; };
		C00000000000000000000021 /* YahooHistoricalSeriesBuilder.swift in Sources */ = {isa = PBXBuildFile; fileRef = D00000000000000000000021 /* YahooHistoricalSeriesBuilder.swift */; };
		C00000000000000000000022 /* YahooQuoteMetrics.swift in Sources */ = {isa = PBXBuildFile; fileRef = D00000000000000000000022 /* YahooQuoteMetrics.swift */; };
		C00000000000000000000023 /* LocalCacheMetadata+Status.swift in Sources */ = {isa = PBXBuildFile; fileRef = D00000000000000000000023 /* LocalCacheMetadata+Status.swift */; };
		C00000000000000000000024 /* LocalJSONCacheValidation.swift in Sources */ = {isa = PBXBuildFile; fileRef = D00000000000000000000024 /* LocalJSONCacheValidation.swift */; };
		C00000000000000000000025 /* MarketFetchQueueTypes.swift in Sources */ = {isa = PBXBuildFile; fileRef = D00000000000000000000025 /* MarketFetchQueueTypes.swift */; };
		C00000000000000000000026 /* MarketQuoteFetcher.swift in Sources */ = {isa = PBXBuildFile; fileRef = D00000000000000000000026 /* MarketQuoteFetcher.swift */; };
		C00000000000000000000027 /* MarketRefreshActiveWidgetPlanner.swift in Sources */ = {isa = PBXBuildFile; fileRef = D00000000000000000000027 /* MarketRefreshActiveWidgetPlanner.swift */; };
		C00000000000000000000028 /* MarketRefreshCacheHydrator.swift in Sources */ = {isa = PBXBuildFile; fileRef = D00000000000000000000028 /* MarketRefreshCacheHydrator.swift */; };
		C00000000000000000000029 /* MarketRefreshCoordinatorCache.swift in Sources */ = {isa = PBXBuildFile; fileRef = D00000000000000000000029 /* MarketRefreshCoordinatorCache.swift */; };
		C00000000000000000000030 /* MarketRefreshCoordinatorProgress.swift in Sources */ = {isa = PBXBuildFile; fileRef = D00000000000000000000030 /* MarketRefreshCoordinatorProgress.swift */; };
		C00000000000000000000031 /* MarketRefreshCoordinatorSnapshots.swift in Sources */ = {isa = PBXBuildFile; fileRef = D00000000000000000000031 /* MarketRefreshCoordinatorSnapshots.swift */; };
		C00000000000000000000032 /* MarketRefreshSnapshotBroadcaster.swift in Sources */ = {isa = PBXBuildFile; fileRef = D00000000000000000000032 /* MarketRefreshSnapshotBroadcaster.swift */; };
		C00000000000000000000033 /* YahooPriceNormalization.swift in Sources */ = {isa = PBXBuildFile; fileRef = D00000000000000000000033 /* YahooPriceNormalization.swift */; };
		C00000000000000000000034 /* YahooSession.swift in Sources */ = {isa = PBXBuildFile; fileRef = D00000000000000000000034 /* YahooSession.swift */; };
		C00000000000000000000035 /* MarketCacheModels.swift in Sources */ = {isa = PBXBuildFile; fileRef = D00000000000000000000035 /* MarketCacheModels.swift */; };
		C00000000000000000000036 /* MarketHistoryModels.swift in Sources */ = {isa = PBXBuildFile; fileRef = D00000000000000000000036 /* MarketHistoryModels.swift */; };
		C00000000000000000000037 /* MarketProviderModels.swift in Sources */ = {isa = PBXBuildFile; fileRef = D00000000000000000000037 /* MarketProviderModels.swift */; };
		C00000000000000000000038 /* MarketQuoteModels.swift in Sources */ = {isa = PBXBuildFile; fileRef = D00000000000000000000038 /* MarketQuoteModels.swift */; };
/* End PBXBuildFile section */

/* Begin PBXFileReference section */
		D3F8241C522D4D6E80F773A2 /* MoneyHero.app */ = {isa = PBXFileReference; explicitFileType = wrapper.application; includeInIndex = 0; path = MoneyHero.app; sourceTree = BUILT_PRODUCTS_DIR; };
		803DA63782104237A8B2D595 /* HoldingsModels.swift */ = {isa = PBXFileReference; lastKnownFileType = sourcecode.swift; path = Domain/HoldingsModels.swift; sourceTree = "<group>"; };
		82D7F1906FD0437194AF8CE8 /* LocalJSONCacheStore.swift */ = {isa = PBXFileReference; lastKnownFileType = sourcecode.swift; path = Cache/LocalJSONCacheStore.swift; sourceTree = "<group>"; };
		776A4E0F4F6A47CAB8D101F4 /* MarketFetchQueue.swift */ = {isa = PBXFileReference; lastKnownFileType = sourcecode.swift; path = MarketData/MarketFetchQueue.swift; sourceTree = "<group>"; };
		2DECBBAF156543BD927F9060 /* MarketNormalization.swift */ = {isa = PBXFileReference; lastKnownFileType = sourcecode.swift; path = Domain/MarketNormalization.swift; sourceTree = "<group>"; };
		3C09E46E697A48B28707A6F9 /* MarketRefreshCoordinator.swift */ = {isa = PBXFileReference; lastKnownFileType = sourcecode.swift; path = MarketData/MarketRefreshCoordinator.swift; sourceTree = "<group>"; };
		12BB73C0B17C435C97B4BC29 /* MoneyHeroApp.swift */ = {isa = PBXFileReference; lastKnownFileType = sourcecode.swift; path = App/MoneyHeroApp.swift; sourceTree = "<group>"; };
		E600E3C9AC0D49C3BF51EC8D /* RootView.swift */ = {isa = PBXFileReference; lastKnownFileType = sourcecode.swift; path = App/RootView.swift; sourceTree = "<group>"; };
		F39240BDB02B4FCCB4C8BBAA /* YahooChartParser.swift */ = {isa = PBXFileReference; lastKnownFileType = sourcecode.swift; path = MarketData/YahooChartParser.swift; sourceTree = "<group>"; };
		DAE80390E23B49C799F7C5DC /* YahooFinanceClient.swift */ = {isa = PBXFileReference; lastKnownFileType = sourcecode.swift; path = MarketData/YahooFinanceClient.swift; sourceTree = "<group>"; };
		A00000000000000000000001 /* AppTab.swift */ = {isa = PBXFileReference; lastKnownFileType = sourcecode.swift; path = App/AppTab.swift; sourceTree = "<group>"; };
		A00000000000000000000003 /* DashboardDisplayFormatting.swift */ = {isa = PBXFileReference; lastKnownFileType = sourcecode.swift; path = Dashboard/DashboardDisplayFormatting.swift; sourceTree = "<group>"; };
		A00000000000000000000004 /* DashboardState.swift */ = {isa = PBXFileReference; lastKnownFileType = sourcecode.swift; path = Dashboard/DashboardState.swift; sourceTree = "<group>"; };
		A00000000000000000000005 /* DashboardStyle.swift */ = {isa = PBXFileReference; lastKnownFileType = sourcecode.swift; path = Dashboard/DashboardStyle.swift; sourceTree = "<group>"; };
		A00000000000000000000006 /* DashboardView.swift */ = {isa = PBXFileReference; lastKnownFileType = sourcecode.swift; path = Dashboard/DashboardView.swift; sourceTree = "<group>"; };
		A00000000000000000000008 /* MarketDataProtocols.swift */ = {isa = PBXFileReference; lastKnownFileType = sourcecode.swift; path = MarketData/MarketDataProtocols.swift; sourceTree = "<group>"; };
		A00000000000000000000009 /* PlaceholderViews.swift */ = {isa = PBXFileReference; lastKnownFileType = sourcecode.swift; path = SharedUI/PlaceholderViews.swift; sourceTree = "<group>"; };
		D00000000000000000000001 /* CurrencyDashboardCard.swift */ = {isa = PBXFileReference; lastKnownFileType = sourcecode.swift; path = Dashboard/CurrencyDashboardCard.swift; sourceTree = "<group>"; };
		D00000000000000000000002 /* DashboardArcBackground.swift */ = {isa = PBXFileReference; lastKnownFileType = sourcecode.swift; path = Dashboard/DashboardArcBackground.swift; sourceTree = "<group>"; };
		D00000000000000000000003 /* DashboardCurrenciesSection.swift */ = {isa = PBXFileReference; lastKnownFileType = sourcecode.swift; path = Dashboard/DashboardCurrenciesSection.swift; sourceTree = "<group>"; };
		D00000000000000000000004 /* DashboardExpectedBalanceSection.swift */ = {isa = PBXFileReference; lastKnownFileType = sourcecode.swift; path = Dashboard/DashboardExpectedBalanceSection.swift; sourceTree = "<group>"; };
		D00000000000000000000005 /* DashboardHeaderView.swift */ = {isa = PBXFileReference; lastKnownFileType = sourcecode.swift; path = Dashboard/DashboardHeaderView.swift; sourceTree = "<group>"; };
		D00000000000000000000006 /* DashboardMarketsSection.swift */ = {isa = PBXFileReference; lastKnownFileType = sourcecode.swift; path = Dashboard/DashboardMarketsSection.swift; sourceTree = "<group>"; };
		D00000000000000000000007 /* DashboardRefreshStatusView.swift */ = {isa = PBXFileReference; lastKnownFileType = sourcecode.swift; path = Dashboard/DashboardRefreshStatusView.swift; sourceTree = "<group>"; };
		D00000000000000000000008 /* DashboardTotalBalanceSection.swift */ = {isa = PBXFileReference; lastKnownFileType = sourcecode.swift; path = Dashboard/DashboardTotalBalanceSection.swift; sourceTree = "<group>"; };
		D00000000000000000000009 /* MarketDashboardCard.swift */ = {isa = PBXFileReference; lastKnownFileType = sourcecode.swift; path = Dashboard/MarketDashboardCard.swift; sourceTree = "<group>"; };
		D00000000000000000000010 /* MarketIcon.swift */ = {isa = PBXFileReference; lastKnownFileType = sourcecode.swift; path = Dashboard/MarketIcon.swift; sourceTree = "<group>"; };
		D00000000000000000000011 /* MoneyHeroLogoMark.swift */ = {isa = PBXFileReference; lastKnownFileType = sourcecode.swift; path = Dashboard/MoneyHeroLogoMark.swift; sourceTree = "<group>"; };
		D00000000000000000000012 /* NumberedSectionHeader.swift */ = {isa = PBXFileReference; lastKnownFileType = sourcecode.swift; path = Dashboard/NumberedSectionHeader.swift; sourceTree = "<group>"; };
		D00000000000000000000013 /* PeriodChangeLabel.swift */ = {isa = PBXFileReference; lastKnownFileType = sourcecode.swift; path = Dashboard/PeriodChangeLabel.swift; sourceTree = "<group>"; };
		D00000000000000000000014 /* ProjectionCard.swift */ = {isa = PBXFileReference; lastKnownFileType = sourcecode.swift; path = Dashboard/ProjectionCard.swift; sourceTree = "<group>"; };
		D00000000000000000000015 /* SparklineView.swift */ = {isa = PBXFileReference; lastKnownFileType = sourcecode.swift; path = Dashboard/SparklineView.swift; sourceTree = "<group>"; };
		D00000000000000000000016 /* MarketRefreshCacheEnvelopeFactory.swift */ = {isa = PBXFileReference; lastKnownFileType = sourcecode.swift; path = MarketData/MarketRefreshCacheEnvelopeFactory.swift; sourceTree = "<group>"; };
		D00000000000000000000017 /* MarketRefreshRequestPlanner.swift */ = {isa = PBXFileReference; lastKnownFileType = sourcecode.swift; path = MarketData/MarketRefreshRequestPlanner.swift; sourceTree = "<group>"; };
		D00000000000000000000018 /* MarketRefreshSnapshot.swift */ = {isa = PBXFileReference; lastKnownFileType = sourcecode.swift; path = MarketData/MarketRefreshSnapshot.swift; sourceTree = "<group>"; };
		D00000000000000000000019 /* YahooChartParserSupport.swift */ = {isa = PBXFileReference; lastKnownFileType = sourcecode.swift; path = MarketData/YahooChartParserSupport.swift; sourceTree = "<group>"; };
		D00000000000000000000020 /* YahooChartPayload.swift */ = {isa = PBXFileReference; lastKnownFileType = sourcecode.swift; path = MarketData/YahooChartPayload.swift; sourceTree = "<group>"; };
		D00000000000000000000021 /* YahooHistoricalSeriesBuilder.swift */ = {isa = PBXFileReference; lastKnownFileType = sourcecode.swift; path = MarketData/YahooHistoricalSeriesBuilder.swift; sourceTree = "<group>"; };
		D00000000000000000000022 /* YahooQuoteMetrics.swift */ = {isa = PBXFileReference; lastKnownFileType = sourcecode.swift; path = MarketData/YahooQuoteMetrics.swift; sourceTree = "<group>"; };
		D00000000000000000000023 /* LocalCacheMetadata+Status.swift */ = {isa = PBXFileReference; lastKnownFileType = sourcecode.swift; path = "Cache/LocalCacheMetadata+Status.swift"; sourceTree = "<group>"; };
		D00000000000000000000024 /* LocalJSONCacheValidation.swift */ = {isa = PBXFileReference; lastKnownFileType = sourcecode.swift; path = Cache/LocalJSONCacheValidation.swift; sourceTree = "<group>"; };
		D00000000000000000000025 /* MarketFetchQueueTypes.swift */ = {isa = PBXFileReference; lastKnownFileType = sourcecode.swift; path = MarketData/MarketFetchQueueTypes.swift; sourceTree = "<group>"; };
		D00000000000000000000026 /* MarketQuoteFetcher.swift */ = {isa = PBXFileReference; lastKnownFileType = sourcecode.swift; path = MarketData/MarketQuoteFetcher.swift; sourceTree = "<group>"; };
		D00000000000000000000027 /* MarketRefreshActiveWidgetPlanner.swift */ = {isa = PBXFileReference; lastKnownFileType = sourcecode.swift; path = MarketData/MarketRefreshActiveWidgetPlanner.swift; sourceTree = "<group>"; };
		D00000000000000000000028 /* MarketRefreshCacheHydrator.swift */ = {isa = PBXFileReference; lastKnownFileType = sourcecode.swift; path = MarketData/MarketRefreshCacheHydrator.swift; sourceTree = "<group>"; };
		D00000000000000000000029 /* MarketRefreshCoordinatorCache.swift */ = {isa = PBXFileReference; lastKnownFileType = sourcecode.swift; path = MarketData/MarketRefreshCoordinatorCache.swift; sourceTree = "<group>"; };
		D00000000000000000000030 /* MarketRefreshCoordinatorProgress.swift */ = {isa = PBXFileReference; lastKnownFileType = sourcecode.swift; path = MarketData/MarketRefreshCoordinatorProgress.swift; sourceTree = "<group>"; };
		D00000000000000000000031 /* MarketRefreshCoordinatorSnapshots.swift */ = {isa = PBXFileReference; lastKnownFileType = sourcecode.swift; path = MarketData/MarketRefreshCoordinatorSnapshots.swift; sourceTree = "<group>"; };
		D00000000000000000000032 /* MarketRefreshSnapshotBroadcaster.swift */ = {isa = PBXFileReference; lastKnownFileType = sourcecode.swift; path = MarketData/MarketRefreshSnapshotBroadcaster.swift; sourceTree = "<group>"; };
		D00000000000000000000033 /* YahooPriceNormalization.swift */ = {isa = PBXFileReference; lastKnownFileType = sourcecode.swift; path = MarketData/YahooPriceNormalization.swift; sourceTree = "<group>"; };
		D00000000000000000000034 /* YahooSession.swift */ = {isa = PBXFileReference; lastKnownFileType = sourcecode.swift; path = MarketData/YahooSession.swift; sourceTree = "<group>"; };
		D00000000000000000000035 /* MarketCacheModels.swift */ = {isa = PBXFileReference; lastKnownFileType = sourcecode.swift; path = Domain/MarketCacheModels.swift; sourceTree = "<group>"; };
		D00000000000000000000036 /* MarketHistoryModels.swift */ = {isa = PBXFileReference; lastKnownFileType = sourcecode.swift; path = Domain/MarketHistoryModels.swift; sourceTree = "<group>"; };
		D00000000000000000000037 /* MarketProviderModels.swift */ = {isa = PBXFileReference; lastKnownFileType = sourcecode.swift; path = Domain/MarketProviderModels.swift; sourceTree = "<group>"; };
		D00000000000000000000038 /* MarketQuoteModels.swift */ = {isa = PBXFileReference; lastKnownFileType = sourcecode.swift; path = Domain/MarketQuoteModels.swift; sourceTree = "<group>"; };
/* End PBXFileReference section */

/* Begin PBXFrameworksBuildPhase section */
		29A95A7D817D4159AF7509ED /* Frameworks */ = {
			isa = PBXFrameworksBuildPhase;
			buildActionMask = 2147483647;
			files = (
			);
			runOnlyForDeploymentPostprocessing = 0;
		};
/* End PBXFrameworksBuildPhase section */

/* Begin PBXGroup section */
		8EEF045F533E4F5BA22B987A = {
			isa = PBXGroup;
			children = (
				B99EF5DBB9A4413493FF0E01 /* MoneyHero */,
				CB92F40D387D447F8906BD4F /* Products */,
			);
			sourceTree = "<group>";
		};
		B99EF5DBB9A4413493FF0E01 /* MoneyHero */ = {
			isa = PBXGroup;
			children = (
				A00000000000000000000001 /* AppTab.swift */,
				D00000000000000000000001 /* CurrencyDashboardCard.swift */,
				D00000000000000000000002 /* DashboardArcBackground.swift */,
				D00000000000000000000003 /* DashboardCurrenciesSection.swift */,
				A00000000000000000000003 /* DashboardDisplayFormatting.swift */,
				D00000000000000000000004 /* DashboardExpectedBalanceSection.swift */,
				D00000000000000000000005 /* DashboardHeaderView.swift */,
				D00000000000000000000006 /* DashboardMarketsSection.swift */,
				D00000000000000000000007 /* DashboardRefreshStatusView.swift */,
				A00000000000000000000004 /* DashboardState.swift */,
				A00000000000000000000005 /* DashboardStyle.swift */,
				D00000000000000000000008 /* DashboardTotalBalanceSection.swift */,
				A00000000000000000000006 /* DashboardView.swift */,
				803DA63782104237A8B2D595 /* HoldingsModels.swift */,
				D00000000000000000000023 /* LocalCacheMetadata+Status.swift */,
				82D7F1906FD0437194AF8CE8 /* LocalJSONCacheStore.swift */,
				D00000000000000000000024 /* LocalJSONCacheValidation.swift */,
				D00000000000000000000035 /* MarketCacheModels.swift */,
				D00000000000000000000009 /* MarketDashboardCard.swift */,
				A00000000000000000000008 /* MarketDataProtocols.swift */,
				776A4E0F4F6A47CAB8D101F4 /* MarketFetchQueue.swift */,
				D00000000000000000000025 /* MarketFetchQueueTypes.swift */,
				D00000000000000000000036 /* MarketHistoryModels.swift */,
				D00000000000000000000010 /* MarketIcon.swift */,
				2DECBBAF156543BD927F9060 /* MarketNormalization.swift */,
				D00000000000000000000037 /* MarketProviderModels.swift */,
				D00000000000000000000038 /* MarketQuoteModels.swift */,
				D00000000000000000000026 /* MarketQuoteFetcher.swift */,
				D00000000000000000000027 /* MarketRefreshActiveWidgetPlanner.swift */,
				D00000000000000000000016 /* MarketRefreshCacheEnvelopeFactory.swift */,
				D00000000000000000000028 /* MarketRefreshCacheHydrator.swift */,
				3C09E46E697A48B28707A6F9 /* MarketRefreshCoordinator.swift */,
				D00000000000000000000029 /* MarketRefreshCoordinatorCache.swift */,
				D00000000000000000000030 /* MarketRefreshCoordinatorProgress.swift */,
				D00000000000000000000031 /* MarketRefreshCoordinatorSnapshots.swift */,
				D00000000000000000000017 /* MarketRefreshRequestPlanner.swift */,
				D00000000000000000000018 /* MarketRefreshSnapshot.swift */,
				D00000000000000000000032 /* MarketRefreshSnapshotBroadcaster.swift */,
				12BB73C0B17C435C97B4BC29 /* MoneyHeroApp.swift */,
				D00000000000000000000011 /* MoneyHeroLogoMark.swift */,
				D00000000000000000000012 /* NumberedSectionHeader.swift */,
				A00000000000000000000009 /* PlaceholderViews.swift */,
				D00000000000000000000013 /* PeriodChangeLabel.swift */,
				D00000000000000000000014 /* ProjectionCard.swift */,
				E600E3C9AC0D49C3BF51EC8D /* RootView.swift */,
				D00000000000000000000015 /* SparklineView.swift */,
				F39240BDB02B4FCCB4C8BBAA /* YahooChartParser.swift */,
				D00000000000000000000019 /* YahooChartParserSupport.swift */,
				D00000000000000000000020 /* YahooChartPayload.swift */,
				DAE80390E23B49C799F7C5DC /* YahooFinanceClient.swift */,
				D00000000000000000000021 /* YahooHistoricalSeriesBuilder.swift */,
				D00000000000000000000033 /* YahooPriceNormalization.swift */,
				D00000000000000000000022 /* YahooQuoteMetrics.swift */,
				D00000000000000000000034 /* YahooSession.swift */,
			);
			path = Sources/MoneyHero;
			sourceTree = "<group>";
		};
		CB92F40D387D447F8906BD4F /* Products */ = {
			isa = PBXGroup;
			children = (
				D3F8241C522D4D6E80F773A2 /* MoneyHero.app */,
			);
			name = Products;
			sourceTree = "<group>";
		};
/* End PBXGroup section */

/* Begin PBXNativeTarget section */
		99F2BD04C816427694D20C65 /* MoneyHero */ = {
			isa = PBXNativeTarget;
			buildConfigurationList = 6A27A4A00AFB49119724135D /* Build configuration list for PBXNativeTarget "MoneyHero" */;
			buildPhases = (
				D54E24B39C6149DC8418CC32 /* Sources */,
				29A95A7D817D4159AF7509ED /* Frameworks */,
			);
			buildRules = (
			);
			dependencies = (
			);
			name = MoneyHero;
			productName = MoneyHero;
			productReference = D3F8241C522D4D6E80F773A2 /* MoneyHero.app */;
			productType = "com.apple.product-type.application";
		};
/* End PBXNativeTarget section */

/* Begin PBXProject section */
		36F7D4FCF4C9443694FFA81F /* Project object */ = {
			isa = PBXProject;
			attributes = {
				BuildIndependentTargetsInParallel = 1;
				LastSwiftUpdateCheck = 2630;
				LastUpgradeCheck = 2630;
				TargetAttributes = {
					99F2BD04C816427694D20C65 = {
						CreatedOnToolsVersion = 26.3;
					};
				};
			};
			buildConfigurationList = 255AFF8D828B431287A82525 /* Build configuration list for PBXProject "MoneyHero" */;
			compatibilityVersion = "Xcode 14.0";
			developmentRegion = en;
			hasScannedForEncodings = 0;
			knownRegions = (
				en,
				Base,
			);
			mainGroup = 8EEF045F533E4F5BA22B987A;
			productRefGroup = CB92F40D387D447F8906BD4F /* Products */;
			projectDirPath = "";
			projectRoot = "";
			targets = (
				99F2BD04C816427694D20C65 /* MoneyHero */,
			);
		};
/* End PBXProject section */

/* Begin PBXSourcesBuildPhase section */
		D54E24B39C6149DC8418CC32 /* Sources */ = {
			isa = PBXSourcesBuildPhase;
			buildActionMask = 2147483647;
			files = (
				B00000000000000000000001 /* AppTab.swift in Sources */,
				C00000000000000000000001 /* CurrencyDashboardCard.swift in Sources */,
				C00000000000000000000002 /* DashboardArcBackground.swift in Sources */,
				C00000000000000000000003 /* DashboardCurrenciesSection.swift in Sources */,
				B00000000000000000000003 /* DashboardDisplayFormatting.swift in Sources */,
				C00000000000000000000004 /* DashboardExpectedBalanceSection.swift in Sources */,
				C00000000000000000000005 /* DashboardHeaderView.swift in Sources */,
				C00000000000000000000006 /* DashboardMarketsSection.swift in Sources */,
				C00000000000000000000007 /* DashboardRefreshStatusView.swift in Sources */,
				B00000000000000000000004 /* DashboardState.swift in Sources */,
				B00000000000000000000005 /* DashboardStyle.swift in Sources */,
				C00000000000000000000008 /* DashboardTotalBalanceSection.swift in Sources */,
				B00000000000000000000006 /* DashboardView.swift in Sources */,
				C81EFB2BDDF54499A5CBC968 /* HoldingsModels.swift in Sources */,
				C00000000000000000000023 /* LocalCacheMetadata+Status.swift in Sources */,
				13ECD25FEB1E4023B5F8F824 /* LocalJSONCacheStore.swift in Sources */,
				C00000000000000000000024 /* LocalJSONCacheValidation.swift in Sources */,
				C00000000000000000000009 /* MarketDashboardCard.swift in Sources */,
				C00000000000000000000035 /* MarketCacheModels.swift in Sources */,
				B00000000000000000000008 /* MarketDataProtocols.swift in Sources */,
				6E1BB65579014147879B1BF8 /* MarketFetchQueue.swift in Sources */,
				C00000000000000000000025 /* MarketFetchQueueTypes.swift in Sources */,
				C00000000000000000000036 /* MarketHistoryModels.swift in Sources */,
				C00000000000000000000010 /* MarketIcon.swift in Sources */,
				E06BECB8A5984FF7B611C899 /* MarketNormalization.swift in Sources */,
				C00000000000000000000037 /* MarketProviderModels.swift in Sources */,
				C00000000000000000000038 /* MarketQuoteModels.swift in Sources */,
				C00000000000000000000026 /* MarketQuoteFetcher.swift in Sources */,
				C00000000000000000000027 /* MarketRefreshActiveWidgetPlanner.swift in Sources */,
				C00000000000000000000016 /* MarketRefreshCacheEnvelopeFactory.swift in Sources */,
				C00000000000000000000028 /* MarketRefreshCacheHydrator.swift in Sources */,
				7AB9AD426B964F9389FFA3F9 /* MarketRefreshCoordinator.swift in Sources */,
				C00000000000000000000029 /* MarketRefreshCoordinatorCache.swift in Sources */,
				C00000000000000000000030 /* MarketRefreshCoordinatorProgress.swift in Sources */,
				C00000000000000000000031 /* MarketRefreshCoordinatorSnapshots.swift in Sources */,
				C00000000000000000000017 /* MarketRefreshRequestPlanner.swift in Sources */,
				C00000000000000000000018 /* MarketRefreshSnapshot.swift in Sources */,
				C00000000000000000000032 /* MarketRefreshSnapshotBroadcaster.swift in Sources */,
				46C0966802CB48FB900C95E5 /* MoneyHeroApp.swift in Sources */,
				C00000000000000000000011 /* MoneyHeroLogoMark.swift in Sources */,
				C00000000000000000000012 /* NumberedSectionHeader.swift in Sources */,
				B00000000000000000000009 /* PlaceholderViews.swift in Sources */,
				C00000000000000000000013 /* PeriodChangeLabel.swift in Sources */,
				C00000000000000000000014 /* ProjectionCard.swift in Sources */,
				660C09A466664E83A5905B1B /* RootView.swift in Sources */,
				C00000000000000000000015 /* SparklineView.swift in Sources */,
				7D5596A5C14D4123A8E84223 /* YahooChartParser.swift in Sources */,
				C00000000000000000000019 /* YahooChartParserSupport.swift in Sources */,
				C00000000000000000000020 /* YahooChartPayload.swift in Sources */,
				944C0BF4B90E42ABB273B267 /* YahooFinanceClient.swift in Sources */,
				C00000000000000000000021 /* YahooHistoricalSeriesBuilder.swift in Sources */,
				C00000000000000000000033 /* YahooPriceNormalization.swift in Sources */,
				C00000000000000000000022 /* YahooQuoteMetrics.swift in Sources */,
				C00000000000000000000034 /* YahooSession.swift in Sources */,
			);
			runOnlyForDeploymentPostprocessing = 0;
		};
/* End PBXSourcesBuildPhase section */

/* Begin XCBuildConfiguration section */
		11BF03C08E2E45F88514847B /* Debug */ = {
			isa = XCBuildConfiguration;
			buildSettings = {
				ALWAYS_SEARCH_USER_PATHS = NO;
				CLANG_ANALYZER_NONNULL = YES;
				CLANG_ANALYZER_NUMBER_OBJECT_CONVERSION = YES_AGGRESSIVE;
				CLANG_CXX_LANGUAGE_STANDARD = "gnu++20";
				CLANG_ENABLE_MODULES = YES;
				CLANG_ENABLE_OBJC_ARC = YES;
				CLANG_ENABLE_OBJC_WEAK = YES;
				CLANG_WARN_BLOCK_CAPTURE_AUTORELEASING = YES;
				CLANG_WARN_BOOL_CONVERSION = YES;
				CLANG_WARN_COMMA = YES;
				CLANG_WARN_CONSTANT_CONVERSION = YES;
				CLANG_WARN_DEPRECATED_OBJC_IMPLEMENTATIONS = YES;
				CLANG_WARN_DIRECT_OBJC_ISA_USAGE = YES_ERROR;
				CLANG_WARN_DOCUMENTATION_COMMENTS = YES;
				CLANG_WARN_EMPTY_BODY = YES;
				CLANG_WARN_ENUM_CONVERSION = YES;
				CLANG_WARN_INFINITE_RECURSION = YES;
				CLANG_WARN_INT_CONVERSION = YES;
				CLANG_WARN_NON_LITERAL_NULL_CONVERSION = YES;
				CLANG_WARN_OBJC_IMPLICIT_RETAIN_SELF = YES;
				CLANG_WARN_OBJC_LITERAL_CONVERSION = YES;
				CLANG_WARN_OBJC_ROOT_CLASS = YES_ERROR;
				CLANG_WARN_QUOTED_INCLUDE_IN_FRAMEWORK_HEADER = YES;
				CLANG_WARN_RANGE_LOOP_ANALYSIS = YES;
				CLANG_WARN_STRICT_PROTOTYPES = YES;
				CLANG_WARN_SUSPICIOUS_MOVE = YES;
				CLANG_WARN_UNGUARDED_AVAILABILITY = YES_AGGRESSIVE;
				CLANG_WARN_UNREACHABLE_CODE = YES;
				CLANG_WARN__DUPLICATE_METHOD_MATCH = YES;
				COPY_PHASE_STRIP = NO;
				DEBUG_INFORMATION_FORMAT = dwarf;
				ENABLE_STRICT_OBJC_MSGSEND = YES;
				ENABLE_TESTABILITY = YES;
				ENABLE_USER_SCRIPT_SANDBOXING = YES;
				GCC_C_LANGUAGE_STANDARD = gnu17;
				GCC_DYNAMIC_NO_PIC = NO;
				GCC_NO_COMMON_BLOCKS = YES;
				GCC_OPTIMIZATION_LEVEL = 0;
				GCC_PREPROCESSOR_DEFINITIONS = (
					"DEBUG=1",
					"$(inherited)",
				);
				GCC_WARN_64_TO_32_BIT_CONVERSION = YES;
				GCC_WARN_ABOUT_RETURN_TYPE = YES_ERROR;
				GCC_WARN_UNDECLARED_SELECTOR = YES;
				GCC_WARN_UNINITIALIZED_AUTOS = YES_AGGRESSIVE;
				GCC_WARN_UNUSED_FUNCTION = YES;
				GCC_WARN_UNUSED_VARIABLE = YES;
				IPHONEOS_DEPLOYMENT_TARGET = 17.0;
				LOCALIZATION_PREFERS_STRING_CATALOGS = YES;
				MTL_ENABLE_DEBUG_INFO = INCLUDE_SOURCE;
				MTL_FAST_MATH = YES;
				ONLY_ACTIVE_ARCH = YES;
				SDKROOT = iphoneos;
				SWIFT_ACTIVE_COMPILATION_CONDITIONS = DEBUG;
				SWIFT_EMIT_LOC_STRINGS = YES;
				SWIFT_OPTIMIZATION_LEVEL = "-Onone";
			};
			name = Debug;
		};
		6B9B68412C9A447AB5A493DF /* Release */ = {
			isa = XCBuildConfiguration;
			buildSettings = {
				ALWAYS_SEARCH_USER_PATHS = NO;
				CLANG_ANALYZER_NONNULL = YES;
				CLANG_ANALYZER_NUMBER_OBJECT_CONVERSION = YES_AGGRESSIVE;
				CLANG_CXX_LANGUAGE_STANDARD = "gnu++20";
				CLANG_ENABLE_MODULES = YES;
				CLANG_ENABLE_OBJC_ARC = YES;
				CLANG_ENABLE_OBJC_WEAK = YES;
				CLANG_WARN_BLOCK_CAPTURE_AUTORELEASING = YES;
				CLANG_WARN_BOOL_CONVERSION = YES;
				CLANG_WARN_COMMA = YES;
				CLANG_WARN_CONSTANT_CONVERSION = YES;
				CLANG_WARN_DEPRECATED_OBJC_IMPLEMENTATIONS = YES;
				CLANG_WARN_DIRECT_OBJC_ISA_USAGE = YES_ERROR;
				CLANG_WARN_DOCUMENTATION_COMMENTS = YES;
				CLANG_WARN_EMPTY_BODY = YES;
				CLANG_WARN_ENUM_CONVERSION = YES;
				CLANG_WARN_INFINITE_RECURSION = YES;
				CLANG_WARN_INT_CONVERSION = YES;
				CLANG_WARN_NON_LITERAL_NULL_CONVERSION = YES;
				CLANG_WARN_OBJC_IMPLICIT_RETAIN_SELF = YES;
				CLANG_WARN_OBJC_LITERAL_CONVERSION = YES;
				CLANG_WARN_OBJC_ROOT_CLASS = YES_ERROR;
				CLANG_WARN_QUOTED_INCLUDE_IN_FRAMEWORK_HEADER = YES;
				CLANG_WARN_RANGE_LOOP_ANALYSIS = YES;
				CLANG_WARN_STRICT_PROTOTYPES = YES;
				CLANG_WARN_SUSPICIOUS_MOVE = YES;
				CLANG_WARN_UNGUARDED_AVAILABILITY = YES_AGGRESSIVE;
				CLANG_WARN_UNREACHABLE_CODE = YES;
				CLANG_WARN__DUPLICATE_METHOD_MATCH = YES;
				COPY_PHASE_STRIP = NO;
				DEBUG_INFORMATION_FORMAT = "dwarf-with-dsym";
				ENABLE_NS_ASSERTIONS = NO;
				ENABLE_STRICT_OBJC_MSGSEND = YES;
				ENABLE_USER_SCRIPT_SANDBOXING = YES;
				GCC_C_LANGUAGE_STANDARD = gnu17;
				GCC_NO_COMMON_BLOCKS = YES;
				GCC_WARN_64_TO_32_BIT_CONVERSION = YES;
				GCC_WARN_ABOUT_RETURN_TYPE = YES_ERROR;
				GCC_WARN_UNDECLARED_SELECTOR = YES;
				GCC_WARN_UNINITIALIZED_AUTOS = YES_AGGRESSIVE;
				GCC_WARN_UNUSED_FUNCTION = YES;
				GCC_WARN_UNUSED_VARIABLE = YES;
				IPHONEOS_DEPLOYMENT_TARGET = 17.0;
				LOCALIZATION_PREFERS_STRING_CATALOGS = YES;
				MTL_ENABLE_DEBUG_INFO = NO;
				MTL_FAST_MATH = YES;
				SDKROOT = iphoneos;
				SWIFT_COMPILATION_MODE = wholemodule;
				SWIFT_EMIT_LOC_STRINGS = YES;
				VALIDATE_PRODUCT = YES;
			};
			name = Release;
		};
		80E4E1C560334F8B99BFD12C /* Debug */ = {
			isa = XCBuildConfiguration;
			buildSettings = {
				ASSETCATALOG_COMPILER_APPICON_NAME = "";
				CODE_SIGN_STYLE = Automatic;
				CURRENT_PROJECT_VERSION = 1;
				DEVELOPMENT_ASSET_PATHS = "";
				ENABLE_PREVIEWS = YES;
				GENERATE_INFOPLIST_FILE = YES;
				INFOPLIST_KEY_CFBundleDisplayName = "Money Hero";
				INFOPLIST_KEY_LSApplicationCategoryType = "public.app-category.finance";
				INFOPLIST_KEY_UIApplicationSceneManifest_Generation = YES;
				INFOPLIST_KEY_UIApplicationSupportsIndirectInputEvents = YES;
				INFOPLIST_KEY_UILaunchScreen_Generation = YES;
				INFOPLIST_KEY_UISupportedInterfaceOrientations_iPad = "UIInterfaceOrientationPortrait UIInterfaceOrientationPortraitUpsideDown UIInterfaceOrientationLandscapeLeft UIInterfaceOrientationLandscapeRight";
				INFOPLIST_KEY_UISupportedInterfaceOrientations_iPhone = "UIInterfaceOrientationPortrait UIInterfaceOrientationLandscapeLeft UIInterfaceOrientationLandscapeRight";
				IPHONEOS_DEPLOYMENT_TARGET = 17.0;
				LD_RUNPATH_SEARCH_PATHS = (
					"$(inherited)",
					"@executable_path/Frameworks",
				);
				MARKETING_VERSION = 0.1.0;
				PRODUCT_BUNDLE_IDENTIFIER = app.moneyhero.mobile;
				PRODUCT_NAME = "$(TARGET_NAME)";
				SUPPORTED_PLATFORMS = "iphoneos iphonesimulator";
				SUPPORTS_MACCATALYST = NO;
				SWIFT_VERSION = 5.0;
				TARGETED_DEVICE_FAMILY = "1,2";
			};
			name = Debug;
		};
		CD925CB102174C2E982DB0F5 /* Release */ = {
			isa = XCBuildConfiguration;
			buildSettings = {
				ASSETCATALOG_COMPILER_APPICON_NAME = "";
				CODE_SIGN_STYLE = Automatic;
				CURRENT_PROJECT_VERSION = 1;
				DEVELOPMENT_ASSET_PATHS = "";
				ENABLE_PREVIEWS = YES;
				GENERATE_INFOPLIST_FILE = YES;
				INFOPLIST_KEY_CFBundleDisplayName = "Money Hero";
				INFOPLIST_KEY_LSApplicationCategoryType = "public.app-category.finance";
				INFOPLIST_KEY_UIApplicationSceneManifest_Generation = YES;
				INFOPLIST_KEY_UIApplicationSupportsIndirectInputEvents = YES;
				INFOPLIST_KEY_UILaunchScreen_Generation = YES;
				INFOPLIST_KEY_UISupportedInterfaceOrientations_iPad = "UIInterfaceOrientationPortrait UIInterfaceOrientationPortraitUpsideDown UIInterfaceOrientationLandscapeLeft UIInterfaceOrientationLandscapeRight";
				INFOPLIST_KEY_UISupportedInterfaceOrientations_iPhone = "UIInterfaceOrientationPortrait UIInterfaceOrientationLandscapeLeft UIInterfaceOrientationLandscapeRight";
				IPHONEOS_DEPLOYMENT_TARGET = 17.0;
				LD_RUNPATH_SEARCH_PATHS = (
					"$(inherited)",
					"@executable_path/Frameworks",
				);
				MARKETING_VERSION = 0.1.0;
				PRODUCT_BUNDLE_IDENTIFIER = app.moneyhero.mobile;
				PRODUCT_NAME = "$(TARGET_NAME)";
				SUPPORTED_PLATFORMS = "iphoneos iphonesimulator";
				SUPPORTS_MACCATALYST = NO;
				SWIFT_VERSION = 5.0;
				TARGETED_DEVICE_FAMILY = "1,2";
			};
			name = Release;
		};
/* End XCBuildConfiguration section */

/* Begin XCConfigurationList section */
		255AFF8D828B431287A82525 /* Build configuration list for PBXProject "MoneyHero" */ = {
			isa = XCConfigurationList;
			buildConfigurations = (
				11BF03C08E2E45F88514847B /* Debug */,
				6B9B68412C9A447AB5A493DF /* Release */,
			);
			defaultConfigurationIsVisible = 0;
			defaultConfigurationName = Release;
		};
		6A27A4A00AFB49119724135D /* Build configuration list for PBXNativeTarget "MoneyHero" */ = {
			isa = XCConfigurationList;
			buildConfigurations = (
				80E4E1C560334F8B99BFD12C /* Debug */,
				CD925CB102174C2E982DB0F5 /* Release */,
			);
			defaultConfigurationIsVisible = 0;
			defaultConfigurationName = Release;
		};
/* End XCConfigurationList section */
	};
	rootObject = 36F7D4FCF4C9443694FFA81F /* Project object */;
}
